
Microsoft Visual Studio Solution File, Format Version 12.00
# Visual Studio Version 16
VisualStudioVersion = 16.0.29905.134
MinimumVisualStudioVersion = 10.0.40219.1
Project("{9A19103F-16F7-4668-BE54-9A1E7A4F7556}") = "NativoPlusStudio.HandleBearerToken", "NativoPlusStudio.HandleBearerToken\NativoPlusStudio.HandleBearerToken.csproj", "{692F1D3E-588C-42C6-B7BF-BE1DE05F3DE1}"
EndProject
Project("{FAE04EC0-301F-11D3-BF4B-00C04F79EFBC}") = "NativoPlusStudio.HandleBearerTokenTest", "NativoPlusStudio.HandleBearerTokenTest\NativoPlusStudio.HandleBearerTokenTest.csproj", "{EA513E62-8CB9-43EE-B2CD-F75201AF790A}"
EndProject
Global
	GlobalSection(SolutionConfigurationPlatforms) = preSolution
		Debug|Any CPU = Debug|Any CPU
		Release|Any CPU = Release|Any CPU
	EndGlobalSection
	GlobalSection(ProjectConfigurationPlatforms) = postSolution
		{692F1D3E-588C-42C6-B7BF-BE1DE05F3DE1}.Debug|Any CPU.ActiveCfg = Debug|Any CPU
		{692F1D3E-588C-42C6-B7BF-BE1DE05F3DE1}.Debug|Any CPU.Build.0 = Debug|Any CPU
		{692F1D3E-588C-42C6-B7BF-BE1DE05F3DE1}.Release|Any CPU.ActiveCfg = Release|Any CPU
		{692F1D3E-588C-42C6-B7BF-BE1DE05F3DE1}.Release|Any CPU.Build.0 = Release|Any CPU
		{EA513E62-8CB9-43EE-B2CD-F75201AF790A}.Debug|Any CPU.ActiveCfg = Debug|Any CPU
		{EA513E62-8CB9-43EE-B2CD-F75201AF790A}.Debug|Any CPU.Build.0 = Debug|Any CPU
		{EA513E62-8CB9-43EE-B2CD-F75201AF790A}.Release|Any CPU.ActiveCfg = Release|Any CPU
		{EA513E62-8CB9-43EE-B2CD-F75201AF790A}.Release|Any CPU.Build.0 = Release|Any CPU
	EndGlobalSection
	GlobalSection(SolutionProperties) = preSolution
		HideSolutionNode = FALSE
	EndGlobalSection
	GlobalSection(ExtensibilityGlobals) = postSolution
		SolutionGuid = {8699978C-04A9-422D-B02F-A254E3AF3997}
	EndGlobalSection
EndGlobal
