
Microsoft Visual Studio Solution File, Format Version 12.00
# Visual Studio Version 16
VisualStudioVersion = 16.0.29905.134
MinimumVisualStudioVersion = 10.0.40219.1
Project("{9A19103F-16F7-4668-BE54-9A1E7A4F7556}") = "NativoPlusStudio.HandleBearerTokenTest", "NativoPlusStudio.HandleBearerTokenTest\NativoPlusStudio.HandleBearerTokenTest.csproj", "{EA513E62-8CB9-43EE-B2CD-F75201AF790A}"
EndProject
Project("{9A19103F-16F7-4668-BE54-9A1E7A4F7556}") = "NativoPlusStudio.HandleBearerTokenTestVersion", "NativoPlusStudio.HandleBearerTokenTestVersion\NativoPlusStudio.HandleBearerTokenTestVersion.csproj", "{9DABFD2C-4351-4F40-9634-3AFA49ED660B}"
EndProject
Project("{2150E333-8FDC-42A3-9474-1A3956D46DE8}") = "Test", "Test", "{DE4EBD2D-212E-46B7-A4AC-9D8C2C9113C7}"
EndProject
Global
	GlobalSection(SolutionConfigurationPlatforms) = preSolution
		Debug|Any CPU = Debug|Any CPU
		Release|Any CPU = Release|Any CPU
	EndGlobalSection
	GlobalSection(ProjectConfigurationPlatforms) = postSolution
		{EA513E62-8CB9-43EE-B2CD-F75201AF790A}.Debug|Any CPU.ActiveCfg = Debug|Any CPU
		{EA513E62-8CB9-43EE-B2CD-F75201AF790A}.Debug|Any CPU.Build.0 = Debug|Any CPU
		{EA513E62-8CB9-43EE-B2CD-F75201AF790A}.Release|Any CPU.ActiveCfg = Release|Any CPU
		{EA513E62-8CB9-43EE-B2CD-F75201AF790A}.Release|Any CPU.Build.0 = Release|Any CPU
		{9DABFD2C-4351-4F40-9634-3AFA49ED660B}.Debug|Any CPU.ActiveCfg = Debug|Any CPU
		{9DABFD2C-4351-4F40-9634-3AFA49ED660B}.Debug|Any CPU.Build.0 = Debug|Any CPU
		{9DABFD2C-4351-4F40-9634-3AFA49ED660B}.Release|Any CPU.ActiveCfg = Release|Any CPU
		{9DABFD2C-4351-4F40-9634-3AFA49ED660B}.Release|Any CPU.Build.0 = Release|Any CPU
	EndGlobalSection
	GlobalSection(SolutionProperties) = preSolution
		HideSolutionNode = FALSE
	EndGlobalSection
	GlobalSection(NestedProjects) = preSolution
		{EA513E62-8CB9-43EE-B2CD-F75201AF790A} = {DE4EBD2D-212E-46B7-A4AC-9D8C2C9113C7}
	EndGlobalSection
	GlobalSection(ExtensibilityGlobals) = postSolution
		SolutionGuid = {8699978C-04A9-422D-B02F-A254E3AF3997}
	EndGlobalSection
EndGlobal
